
Microsoft Visual Studio Solution File, Format Version 12.00
# Visual Studio Version 17
VisualStudioVersion = 17.10.35013.160
MinimumVisualStudioVersion = 10.0.40219.1
Project("{FAE04EC0-301F-11D3-BF4B-00C04F79EFBC}") = "StudentManagement", "StudentManagement\StudentManagement.csproj", "{921E2A6F-8198-4D35-B4D5-6A93AC6FEC1C}"
EndProject
Global
	GlobalSection(SolutionConfigurationPlatforms) = preSolution
		Debug|Any CPU = Debug|Any CPU
		Release|Any CPU = Release|Any CPU
	EndGlobalSection
	GlobalSection(ProjectConfigurationPlatforms) = postSolution
		{921E2A6F-8198-4D35-B4D5-6A93AC6FEC1C}.Debug|Any CPU.ActiveCfg = Debug|Any CPU
		{921E2A6F-8198-4D35-B4D5-6A93AC6FEC1C}.Debug|Any CPU.Build.0 = Debug|Any CPU
		{921E2A6F-8198-4D35-B4D5-6A93AC6FEC1C}.Release|Any CPU.ActiveCfg = Release|Any CPU
		{921E2A6F-8198-4D35-B4D5-6A93AC6FEC1C}.Release|Any CPU.Build.0 = Release|Any CPU
	EndGlobalSection
	GlobalSection(SolutionProperties) = preSolution
		HideSolutionNode = FALSE
	EndGlobalSection
	GlobalSection(ExtensibilityGlobals) = postSolution
		SolutionGuid = {280C273E-9171-441C-9004-3310FC3BC57F}
	EndGlobalSection
EndGlobal
